
Microsoft Visual Studio Solution File, Format Version 12.00
# Visual Studio Version 17
VisualStudioVersion = 17.0.31903.59
MinimumVisualStudioVersion = 10.0.40219.1
Project("{2150E333-8FDC-42A3-9474-1A3956D46DE8}") = "src", "src", "{4892FD72-75B1-4E6D-BDAD-3756E8609306}"
EndProject
Project("{FAE04EC0-301F-11D3-BF4B-00C04F79EFBC}") = "Stitch.Core", "src\Stitch.Core\Stitch.Core.csproj", "{E31A42F0-7495-4901-800A-EDF7BB3AED78}"
EndProject
Project("{FAE04EC0-301F-11D3-BF4B-00C04F79EFBC}") = "Stitch.Generator", "src\Stitch.Generator\Stitch.Generator.csproj", "{CFDA8BEF-DAEE-4553-89AB-F4BAAB654875}"
EndProject
Project("{FAE04EC0-301F-11D3-BF4B-00C04F79EFBC}") = "Stitch.Analyzers", "src\Stitch.Analyzers\Stitch.Analyzers.csproj", "{809E2DF0-9634-4F47-BC8F-0CB469174760}"
EndProject
Project("{FAE04EC0-301F-11D3-BF4B-00C04F79EFBC}") = "Stitch.AspNetCore", "src\Stitch.AspNetCore\Stitch.AspNetCore.csproj", "{C2C773A3-DF34-43C1-AC69-0B2C8B517B8E}"
EndProject
Project("{2150E333-8FDC-42A3-9474-1A3956D46DE8}") = "tests", "tests", "{00CF91F9-A1D4-4C48-A086-F0617B2887FD}"
EndProject
Project("{FAE04EC0-301F-11D3-BF4B-00C04F79EFBC}") = "Stitch.Tests", "tests\Stitch.Tests\Stitch.Tests.csproj", "{DF892D35-C2D0-401A-B56B-DFA1D4750729}"
EndProject
Global
	GlobalSection(SolutionConfigurationPlatforms) = preSolution
		Debug|Any CPU = Debug|Any CPU
		Release|Any CPU = Release|Any CPU
	EndGlobalSection
	GlobalSection(SolutionProperties) = preSolution
		HideSolutionNode = FALSE
	EndGlobalSection
	GlobalSection(ProjectConfigurationPlatforms) = postSolution
		{E31A42F0-7495-4901-800A-EDF7BB3AED78}.Debug|Any CPU.ActiveCfg = Debug|Any CPU
		{E31A42F0-7495-4901-800A-EDF7BB3AED78}.Debug|Any CPU.Build.0 = Debug|Any CPU
		{E31A42F0-7495-4901-800A-EDF7BB3AED78}.Release|Any CPU.ActiveCfg = Release|Any CPU
		{E31A42F0-7495-4901-800A-EDF7BB3AED78}.Release|Any CPU.Build.0 = Release|Any CPU
		{CFDA8BEF-DAEE-4553-89AB-F4BAAB654875}.Debug|Any CPU.ActiveCfg = Debug|Any CPU
		{CFDA8BEF-DAEE-4553-89AB-F4BAAB654875}.Debug|Any CPU.Build.0 = Debug|Any CPU
		{CFDA8BEF-DAEE-4553-89AB-F4BAAB654875}.Release|Any CPU.ActiveCfg = Release|Any CPU
		{CFDA8BEF-DAEE-4553-89AB-F4BAAB654875}.Release|Any CPU.Build.0 = Release|Any CPU
		{809E2DF0-9634-4F47-BC8F-0CB469174760}.Debug|Any CPU.ActiveCfg = Debug|Any CPU
		{809E2DF0-9634-4F47-BC8F-0CB469174760}.Debug|Any CPU.Build.0 = Debug|Any CPU
		{809E2DF0-9634-4F47-BC8F-0CB469174760}.Release|Any CPU.ActiveCfg = Release|Any CPU
		{809E2DF0-9634-4F47-BC8F-0CB469174760}.Release|Any CPU.Build.0 = Release|Any CPU
		{C2C773A3-DF34-43C1-AC69-0B2C8B517B8E}.Debug|Any CPU.ActiveCfg = Debug|Any CPU
		{C2C773A3-DF34-43C1-AC69-0B2C8B517B8E}.Debug|Any CPU.Build.0 = Debug|Any CPU
		{C2C773A3-DF34-43C1-AC69-0B2C8B517B8E}.Release|Any CPU.ActiveCfg = Release|Any CPU
		{C2C773A3-DF34-43C1-AC69-0B2C8B517B8E}.Release|Any CPU.Build.0 = Release|Any CPU
		{DF892D35-C2D0-401A-B56B-DFA1D4750729}.Debug|Any CPU.ActiveCfg = Debug|Any CPU
		{DF892D35-C2D0-401A-B56B-DFA1D4750729}.Debug|Any CPU.Build.0 = Debug|Any CPU
		{DF892D35-C2D0-401A-B56B-DFA1D4750729}.Release|Any CPU.ActiveCfg = Release|Any CPU
		{DF892D35-C2D0-401A-B56B-DFA1D4750729}.Release|Any CPU.Build.0 = Release|Any CPU
	EndGlobalSection
	GlobalSection(NestedProjects) = preSolution
		{E31A42F0-7495-4901-800A-EDF7BB3AED78} = {4892FD72-75B1-4E6D-BDAD-3756E8609306}
		{CFDA8BEF-DAEE-4553-89AB-F4BAAB654875} = {4892FD72-75B1-4E6D-BDAD-3756E8609306}
		{809E2DF0-9634-4F47-BC8F-0CB469174760} = {4892FD72-75B1-4E6D-BDAD-3756E8609306}
		{C2C773A3-DF34-43C1-AC69-0B2C8B517B8E} = {4892FD72-75B1-4E6D-BDAD-3756E8609306}
		{DF892D35-C2D0-401A-B56B-DFA1D4750729} = {00CF91F9-A1D4-4C48-A086-F0617B2887FD}
	EndGlobalSection
EndGlobal
